
Microsoft Visual Studio Solution File, Format Version 12.00
# Visual Studio 15
VisualStudioVersion = 15.0.28307.572
MinimumVisualStudioVersion = 10.0.40219.1
Project("{FAE04EC0-301F-11D3-BF4B-00C04F79EFBC}") = "ProgrammingWithMoshConsoleApp", "ProgrammingWithMoshConsoleApp\ProgrammingWithMoshConsoleApp.csproj", "{392C7328-5792-4EF9-BA79-C64C41653A60}"
EndProject
Global
	GlobalSection(SolutionConfigurationPlatforms) = preSolution
		Debug|Any CPU = Debug|Any CPU
		Release|Any CPU = Release|Any CPU
	EndGlobalSection
	GlobalSection(ProjectConfigurationPlatforms) = postSolution
		{392C7328-5792-4EF9-BA79-C64C41653A60}.Debug|Any CPU.ActiveCfg = Debug|Any CPU
		{392C7328-5792-4EF9-BA79-C64C41653A60}.Debug|Any CPU.Build.0 = Debug|Any CPU
		{392C7328-5792-4EF9-BA79-C64C41653A60}.Release|Any CPU.ActiveCfg = Release|Any CPU
		{392C7328-5792-4EF9-BA79-C64C41653A60}.Release|Any CPU.Build.0 = Release|Any CPU
	EndGlobalSection
	GlobalSection(SolutionProperties) = preSolution
		HideSolutionNode = FALSE
	EndGlobalSection
	GlobalSection(ExtensibilityGlobals) = postSolution
		SolutionGuid = {22AE8B28-A597-494F-B4BE-D42724F8DA8B}
	EndGlobalSection
EndGlobal
